
Microsoft Visual Studio Solution File, Format Version 12.00
Project("{FAE04EC0-301F-11D3-BF4B-00C04F79EFBC}") = "Weather.API", "Weather.API\Weather.API.csproj", "{FDE3AB79-5EB2-4216-9310-5BA04A2F19C2}"
EndProject
Project("{2150E333-8FDC-42A3-9474-1A3956D46DE8}") = "SQS", "SQS", "{050EF0BC-8440-4513-B4E1-7363A30842D6}"
EndProject
Project("{FAE04EC0-301F-11D3-BF4B-00C04F79EFBC}") = "SqsConsumer", "SqsConsumer\SqsConsumer.csproj", "{6CA9DAA7-3B5C-45D0-9561-DF3F232A1DC4}"
EndProject
Project("{FAE04EC0-301F-11D3-BF4B-00C04F79EFBC}") = "SqsPublisher", "SqsPublisher\SqsPublisher.csproj", "{5FB38244-9DC2-4C1A-9D98-C728F031A8D3}"
EndProject
Project("{FAE04EC0-301F-11D3-BF4B-00C04F79EFBC}") = "Weather.API.Consumer", "Weather.API.Consumer\Weather.API.Consumer.csproj", "{DB383F81-1738-476C-BFE7-B811389B81B7}"
EndProject
Project("{2150E333-8FDC-42A3-9474-1A3956D46DE8}") = "SNS", "SNS", "{C265A741-571F-4002-A968-7337FFEAC5AF}"
EndProject
Project("{FAE04EC0-301F-11D3-BF4B-00C04F79EFBC}") = "SnsPublisher", "SnsPublisher\SnsPublisher.csproj", "{064E2440-A61E-4280-86C0-146F7DCBC7AF}"
EndProject
Project("{FAE04EC0-301F-11D3-BF4B-00C04F79EFBC}") = "Common", "Common\Common.csproj", "{7EE57887-1F20-4F1F-8A7D-2FAF1D41DA22}"
EndProject
Project("{FAE04EC0-301F-11D3-BF4B-00C04F79EFBC}") = "Customers.Api", "Customers.Api\Customers.Api.csproj", "{E0F05E0D-5F3F-4A94-9BFD-F95962256E02}"
EndProject
Project("{2150E333-8FDC-42A3-9474-1A3956D46DE8}") = "S3", "S3", "{2AD9B275-DCA9-4459-B2E5-07A263A9F9BA}"
EndProject
Project("{FAE04EC0-301F-11D3-BF4B-00C04F79EFBC}") = "S3.Customers.Api", "S3.Customers.Api\S3.Customers.Api.csproj", "{4BB6C5AE-6EF8-4439-9D9E-FE22A31B81A9}"
EndProject
Project("{FAE04EC0-301F-11D3-BF4B-00C04F79EFBC}") = "S3Playground", "S3Playground\S3Playground.csproj", "{D0F98542-79EC-4C4C-8D6F-5BC3E1B3718C}"
EndProject
Global
	GlobalSection(SolutionConfigurationPlatforms) = preSolution
		Debug|Any CPU = Debug|Any CPU
		Release|Any CPU = Release|Any CPU
	EndGlobalSection
	GlobalSection(ProjectConfigurationPlatforms) = postSolution
		{FDE3AB79-5EB2-4216-9310-5BA04A2F19C2}.Debug|Any CPU.ActiveCfg = Debug|Any CPU
		{FDE3AB79-5EB2-4216-9310-5BA04A2F19C2}.Debug|Any CPU.Build.0 = Debug|Any CPU
		{FDE3AB79-5EB2-4216-9310-5BA04A2F19C2}.Release|Any CPU.ActiveCfg = Release|Any CPU
		{FDE3AB79-5EB2-4216-9310-5BA04A2F19C2}.Release|Any CPU.Build.0 = Release|Any CPU
		{6CA9DAA7-3B5C-45D0-9561-DF3F232A1DC4}.Debug|Any CPU.ActiveCfg = Debug|Any CPU
		{6CA9DAA7-3B5C-45D0-9561-DF3F232A1DC4}.Debug|Any CPU.Build.0 = Debug|Any CPU
		{6CA9DAA7-3B5C-45D0-9561-DF3F232A1DC4}.Release|Any CPU.ActiveCfg = Release|Any CPU
		{6CA9DAA7-3B5C-45D0-9561-DF3F232A1DC4}.Release|Any CPU.Build.0 = Release|Any CPU
		{5FB38244-9DC2-4C1A-9D98-C728F031A8D3}.Debug|Any CPU.ActiveCfg = Debug|Any CPU
		{5FB38244-9DC2-4C1A-9D98-C728F031A8D3}.Debug|Any CPU.Build.0 = Debug|Any CPU
		{5FB38244-9DC2-4C1A-9D98-C728F031A8D3}.Release|Any CPU.ActiveCfg = Release|Any CPU
		{5FB38244-9DC2-4C1A-9D98-C728F031A8D3}.Release|Any CPU.Build.0 = Release|Any CPU
		{DB383F81-1738-476C-BFE7-B811389B81B7}.Debug|Any CPU.ActiveCfg = Debug|Any CPU
		{DB383F81-1738-476C-BFE7-B811389B81B7}.Debug|Any CPU.Build.0 = Debug|Any CPU
		{DB383F81-1738-476C-BFE7-B811389B81B7}.Release|Any CPU.ActiveCfg = Release|Any CPU
		{DB383F81-1738-476C-BFE7-B811389B81B7}.Release|Any CPU.Build.0 = Release|Any CPU
		{064E2440-A61E-4280-86C0-146F7DCBC7AF}.Debug|Any CPU.ActiveCfg = Debug|Any CPU
		{064E2440-A61E-4280-86C0-146F7DCBC7AF}.Debug|Any CPU.Build.0 = Debug|Any CPU
		{064E2440-A61E-4280-86C0-146F7DCBC7AF}.Release|Any CPU.ActiveCfg = Release|Any CPU
		{064E2440-A61E-4280-86C0-146F7DCBC7AF}.Release|Any CPU.Build.0 = Release|Any CPU
		{7EE57887-1F20-4F1F-8A7D-2FAF1D41DA22}.Debug|Any CPU.ActiveCfg = Debug|Any CPU
		{7EE57887-1F20-4F1F-8A7D-2FAF1D41DA22}.Debug|Any CPU.Build.0 = Debug|Any CPU
		{7EE57887-1F20-4F1F-8A7D-2FAF1D41DA22}.Release|Any CPU.ActiveCfg = Release|Any CPU
		{7EE57887-1F20-4F1F-8A7D-2FAF1D41DA22}.Release|Any CPU.Build.0 = Release|Any CPU
		{E0F05E0D-5F3F-4A94-9BFD-F95962256E02}.Debug|Any CPU.ActiveCfg = Debug|Any CPU
		{E0F05E0D-5F3F-4A94-9BFD-F95962256E02}.Debug|Any CPU.Build.0 = Debug|Any CPU
		{E0F05E0D-5F3F-4A94-9BFD-F95962256E02}.Release|Any CPU.ActiveCfg = Release|Any CPU
		{E0F05E0D-5F3F-4A94-9BFD-F95962256E02}.Release|Any CPU.Build.0 = Release|Any CPU
		{4BB6C5AE-6EF8-4439-9D9E-FE22A31B81A9}.Debug|Any CPU.ActiveCfg = Debug|Any CPU
		{4BB6C5AE-6EF8-4439-9D9E-FE22A31B81A9}.Debug|Any CPU.Build.0 = Debug|Any CPU
		{4BB6C5AE-6EF8-4439-9D9E-FE22A31B81A9}.Release|Any CPU.ActiveCfg = Release|Any CPU
		{4BB6C5AE-6EF8-4439-9D9E-FE22A31B81A9}.Release|Any CPU.Build.0 = Release|Any CPU
		{D0F98542-79EC-4C4C-8D6F-5BC3E1B3718C}.Debug|Any CPU.ActiveCfg = Debug|Any CPU
		{D0F98542-79EC-4C4C-8D6F-5BC3E1B3718C}.Debug|Any CPU.Build.0 = Debug|Any CPU
		{D0F98542-79EC-4C4C-8D6F-5BC3E1B3718C}.Release|Any CPU.ActiveCfg = Release|Any CPU
		{D0F98542-79EC-4C4C-8D6F-5BC3E1B3718C}.Release|Any CPU.Build.0 = Release|Any CPU
	EndGlobalSection
	GlobalSection(NestedProjects) = preSolution
		{FDE3AB79-5EB2-4216-9310-5BA04A2F19C2} = {050EF0BC-8440-4513-B4E1-7363A30842D6}
		{6CA9DAA7-3B5C-45D0-9561-DF3F232A1DC4} = {050EF0BC-8440-4513-B4E1-7363A30842D6}
		{5FB38244-9DC2-4C1A-9D98-C728F031A8D3} = {050EF0BC-8440-4513-B4E1-7363A30842D6}
		{DB383F81-1738-476C-BFE7-B811389B81B7} = {050EF0BC-8440-4513-B4E1-7363A30842D6}
		{064E2440-A61E-4280-86C0-146F7DCBC7AF} = {C265A741-571F-4002-A968-7337FFEAC5AF}
		{E0F05E0D-5F3F-4A94-9BFD-F95962256E02} = {C265A741-571F-4002-A968-7337FFEAC5AF}
		{4BB6C5AE-6EF8-4439-9D9E-FE22A31B81A9} = {2AD9B275-DCA9-4459-B2E5-07A263A9F9BA}
		{D0F98542-79EC-4C4C-8D6F-5BC3E1B3718C} = {2AD9B275-DCA9-4459-B2E5-07A263A9F9BA}
	EndGlobalSection
EndGlobal
